
Microsoft Visual Studio Solution File, Format Version 12.00
# Visual Studio Version 17
VisualStudioVersion = 17.9.34728.123
MinimumVisualStudioVersion = 10.0.40219.1
Project("{FAE04EC0-301F-11D3-BF4B-00C04F79EFBC}") = "BlogClubeLeitura", "BlogClubeLeitura\BlogClubeLeitura.csproj", "{79770DAD-9244-4A1B-A278-E1657C651F9B}"
EndProject
Project("{E53339B2-1760-4266-BCC7-CA923CBCF16C}") = "docker-compose", "docker-compose.dcproj", "{1DA86836-210C-41B9-A980-BBBEBB84CA84}"
EndProject
Global
	GlobalSection(SolutionConfigurationPlatforms) = preSolution
		Debug|Any CPU = Debug|Any CPU
		Release|Any CPU = Release|Any CPU
	EndGlobalSection
	GlobalSection(ProjectConfigurationPlatforms) = postSolution
		{79770DAD-9244-4A1B-A278-E1657C651F9B}.Debug|Any CPU.ActiveCfg = Debug|Any CPU
		{79770DAD-9244-4A1B-A278-E1657C651F9B}.Debug|Any CPU.Build.0 = Debug|Any CPU
		{79770DAD-9244-4A1B-A278-E1657C651F9B}.Release|Any CPU.ActiveCfg = Release|Any CPU
		{79770DAD-9244-4A1B-A278-E1657C651F9B}.Release|Any CPU.Build.0 = Release|Any CPU
		{1DA86836-210C-41B9-A980-BBBEBB84CA84}.Debug|Any CPU.ActiveCfg = Debug|Any CPU
		{1DA86836-210C-41B9-A980-BBBEBB84CA84}.Debug|Any CPU.Build.0 = Debug|Any CPU
		{1DA86836-210C-41B9-A980-BBBEBB84CA84}.Release|Any CPU.ActiveCfg = Release|Any CPU
		{1DA86836-210C-41B9-A980-BBBEBB84CA84}.Release|Any CPU.Build.0 = Release|Any CPU
	EndGlobalSection
	GlobalSection(SolutionProperties) = preSolution
		HideSolutionNode = FALSE
	EndGlobalSection
	GlobalSection(ExtensibilityGlobals) = postSolution
		SolutionGuid = {7719A69B-2A44-4840-A6E5-349B087DFC47}
	EndGlobalSection
EndGlobal
